
Microsoft Visual Studio Solution File, Format Version 12.00
# Visual Studio Version 16
VisualStudioVersion = 16.0.29424.173
MinimumVisualStudioVersion = 10.0.40219.1
Project("{FAE04EC0-301F-11D3-BF4B-00C04F79EFBC}") = "TestAnuitex", "TestAnuitex\TestAnuitex.csproj", "{C3555706-0D18-4D9B-9258-944F1088A38A}"
EndProject
Global
	GlobalSection(SolutionConfigurationPlatforms) = preSolution
		Debug|Any CPU = Debug|Any CPU
		Release|Any CPU = Release|Any CPU
	EndGlobalSection
	GlobalSection(ProjectConfigurationPlatforms) = postSolution
		{C3555706-0D18-4D9B-9258-944F1088A38A}.Debug|Any CPU.ActiveCfg = Debug|Any CPU
		{C3555706-0D18-4D9B-9258-944F1088A38A}.Debug|Any CPU.Build.0 = Debug|Any CPU
		{C3555706-0D18-4D9B-9258-944F1088A38A}.Release|Any CPU.ActiveCfg = Release|Any CPU
		{C3555706-0D18-4D9B-9258-944F1088A38A}.Release|Any CPU.Build.0 = Release|Any CPU
	EndGlobalSection
	GlobalSection(SolutionProperties) = preSolution
		HideSolutionNode = FALSE
	EndGlobalSection
	GlobalSection(ExtensibilityGlobals) = postSolution
		SolutionGuid = {BE92516E-9AEE-4F7B-92FB-2E44637B84B6}
	EndGlobalSection
EndGlobal
